// !$*UTF8*$!
{
	archiveVersion = 1;
	classes = {
	};
	objectVersion = 56;
	objects = {

/* Begin PBXBuildFile section */
		CF9A73DD2BFB0A8C0058045D /* Roam_MVPApp.swift in Sources */ = {isa = PBXBuildFile; fileRef = CF9A73DC2BFB0A8C0058045D /* Roam_MVPApp.swift */; };
		CF9A73DF2BFB0A8C0058045D /* ContentView.swift in Sources */ = {isa = PBXBuildFile; fileRef = CF9A73DE2BFB0A8C0058045D /* ContentView.swift */; };
		CF9A73E12BFB0A8D0058045D /* Assets.xcassets in Resources */ = {isa = PBXBuildFile; fileRef = CF9A73E02BFB0A8D0058045D /* Assets.xcassets */; };
		CF9A73E42BFB0A8D0058045D /* Preview Assets.xcassets in Resources */ = {isa = PBXBuildFile; fileRef = CF9A73E32BFB0A8D0058045D /* Preview Assets.xcassets */; };
		CF9A73ED2BFB18CC0058045D /* LocationDetailView.swift in Sources */ = {isa = PBXBuildFile; fileRef = CF9A73EC2BFB18CC0058045D /* LocationDetailView.swift */; };
		CF9A73EF2BFB1DE50058045D /* MainDetails.swift in Sources */ = {isa = PBXBuildFile; fileRef = CF9A73EE2BFB1DE50058045D /* MainDetails.swift */; };
		CF9A73F42BFB250D0058045D /* LocationDetailTabModel.swift in Sources */ = {isa = PBXBuildFile; fileRef = CF9A73F32BFB250D0058045D /* LocationDetailTabModel.swift */; };
		CF9A73F62BFB32100058045D /* LocationDetailModel.swift in Sources */ = {isa = PBXBuildFile; fileRef = CF9A73F52BFB32100058045D /* LocationDetailModel.swift */; };
		CF9A73F82BFB9CAC0058045D /* LocationsListView.swift in Sources */ = {isa = PBXBuildFile; fileRef = CF9A73F72BFB9CAC0058045D /* LocationsListView.swift */; };
		CF9A73FA2BFBA2D60058045D /* LocationCard.swift in Sources */ = {isa = PBXBuildFile; fileRef = CF9A73F92BFBA2D60058045D /* LocationCard.swift */; };
/* End PBXBuildFile section */

/* Begin PBXFileReference section */
		CF9A73D92BFB0A8C0058045D /* Roam_MVP.app */ = {isa = PBXFileReference; explicitFileType = wrapper.application; includeInIndex = 0; path = Roam_MVP.app; sourceTree = BUILT_PRODUCTS_DIR; };
		CF9A73DC2BFB0A8C0058045D /* Roam_MVPApp.swift */ = {isa = PBXFileReference; lastKnownFileType = sourcecode.swift; path = Roam_MVPApp.swift; sourceTree = "<group>"; };
		CF9A73DE2BFB0A8C0058045D /* ContentView.swift */ = {isa = PBXFileReference; lastKnownFileType = sourcecode.swift; path = ContentView.swift; sourceTree = "<group>"; };
		CF9A73E02BFB0A8D0058045D /* Assets.xcassets */ = {isa = PBXFileReference; lastKnownFileType = folder.assetcatalog; path = Assets.xcassets; sourceTree = "<group>"; };
		CF9A73E32BFB0A8D0058045D /* Preview Assets.xcassets */ = {isa = PBXFileReference; lastKnownFileType = folder.assetcatalog; path = "Preview Assets.xcassets"; sourceTree = "<group>"; };
		CF9A73EC2BFB18CC0058045D /* LocationDetailView.swift */ = {isa = PBXFileReference; lastKnownFileType = sourcecode.swift; path = LocationDetailView.swift; sourceTree = "<group>"; };
		CF9A73EE2BFB1DE50058045D /* MainDetails.swift */ = {isa = PBXFileReference; lastKnownFileType = sourcecode.swift; path = MainDetails.swift; sourceTree = "<group>"; };
		CF9A73F32BFB250D0058045D /* LocationDetailTabModel.swift */ = {isa = PBXFileReference; lastKnownFileType = sourcecode.swift; path = LocationDetailTabModel.swift; sourceTree = "<group>"; };
		CF9A73F52BFB32100058045D /* LocationDetailModel.swift */ = {isa = PBXFileReference; lastKnownFileType = sourcecode.swift; path = LocationDetailModel.swift; sourceTree = "<group>"; };
		CF9A73F72BFB9CAC0058045D /* LocationsListView.swift */ = {isa = PBXFileReference; lastKnownFileType = sourcecode.swift; path = LocationsListView.swift; sourceTree = "<group>"; };
		CF9A73F92BFBA2D60058045D /* LocationCard.swift */ = {isa = PBXFileReference; lastKnownFileType = sourcecode.swift; path = LocationCard.swift; sourceTree = "<group>"; };
/* End PBXFileReference section */

/* Begin PBXFrameworksBuildPhase section */
		CF9A73D62BFB0A8C0058045D /* Frameworks */ = {
			isa = PBXFrameworksBuildPhase;
			buildActionMask = 2147483647;
			files = (
			);
			runOnlyForDeploymentPostprocessing = 0;
		};
/* End PBXFrameworksBuildPhase section */

/* Begin PBXGroup section */
		CF9A73D02BFB0A8C0058045D = {
			isa = PBXGroup;
			children = (
				CF9A73DB2BFB0A8C0058045D /* Roam_MVP */,
				CF9A73DA2BFB0A8C0058045D /* Products */,
			);
			sourceTree = "<group>";
		};
		CF9A73DA2BFB0A8C0058045D /* Products */ = {
			isa = PBXGroup;
			children = (
				CF9A73D92BFB0A8C0058045D /* Roam_MVP.app */,
			);
			name = Products;
			sourceTree = "<group>";
		};
		CF9A73DB2BFB0A8C0058045D /* Roam_MVP */ = {
			isa = PBXGroup;
			children = (
				CF9A73DC2BFB0A8C0058045D /* Roam_MVPApp.swift */,
				CF9A73DE2BFB0A8C0058045D /* ContentView.swift */,
				CF9A73EB2BFB16A80058045D /* Model */,
				CF9A73EA2BFB166D0058045D /* View */,
				CF9A73E02BFB0A8D0058045D /* Assets.xcassets */,
				CF9A73E22BFB0A8D0058045D /* Preview Content */,
			);
			path = Roam_MVP;
			sourceTree = "<group>";
		};
		CF9A73E22BFB0A8D0058045D /* Preview Content */ = {
			isa = PBXGroup;
			children = (
				CF9A73E32BFB0A8D0058045D /* Preview Assets.xcassets */,
			);
			path = "Preview Content";
			sourceTree = "<group>";
		};
		CF9A73EA2BFB166D0058045D /* View */ = {
			isa = PBXGroup;
			children = (
				CF9A73EC2BFB18CC0058045D /* LocationDetailView.swift */,
				CF9A73EE2BFB1DE50058045D /* MainDetails.swift */,
				CF9A73F72BFB9CAC0058045D /* LocationsListView.swift */,
				CF9A73F92BFBA2D60058045D /* LocationCard.swift */,
			);
			path = View;
			sourceTree = "<group>";
		};
		CF9A73EB2BFB16A80058045D /* Model */ = {
			isa = PBXGroup;
			children = (
				CF9A73F32BFB250D0058045D /* LocationDetailTabModel.swift */,
				CF9A73F52BFB32100058045D /* LocationDetailModel.swift */,
			);
			path = Model;
			sourceTree = "<group>";
		};
/* End PBXGroup section */

/* Begin PBXNativeTarget section */
		CF9A73D82BFB0A8C0058045D /* Roam_MVP */ = {
			isa = PBXNativeTarget;
			buildConfigurationList = CF9A73E72BFB0A8D0058045D /* Build configuration list for PBXNativeTarget "Roam_MVP" */;
			buildPhases = (
				CF9A73D52BFB0A8C0058045D /* Sources */,
				CF9A73D62BFB0A8C0058045D /* Frameworks */,
				CF9A73D72BFB0A8C0058045D /* Resources */,
			);
			buildRules = (
			);
			dependencies = (
			);
			name = Roam_MVP;
			productName = Roam_MVP;
			productReference = CF9A73D92BFB0A8C0058045D /* Roam_MVP.app */;
			productType = "com.apple.product-type.application";
		};
/* End PBXNativeTarget section */

/* Begin PBXProject section */
		CF9A73D12BFB0A8C0058045D /* Project object */ = {
			isa = PBXProject;
			attributes = {
				BuildIndependentTargetsInParallel = 1;
				LastSwiftUpdateCheck = 1530;
				LastUpgradeCheck = 1530;
				TargetAttributes = {
					CF9A73D82BFB0A8C0058045D = {
						CreatedOnToolsVersion = 15.3;
					};
				};
			};
			buildConfigurationList = CF9A73D42BFB0A8C0058045D /* Build configuration list for PBXProject "Roam_MVP" */;
			compatibilityVersion = "Xcode 14.0";
			developmentRegion = en;
			hasScannedForEncodings = 0;
			knownRegions = (
				en,
				Base,
			);
			mainGroup = CF9A73D02BFB0A8C0058045D;
			productRefGroup = CF9A73DA2BFB0A8C0058045D /* Products */;
			projectDirPath = "";
			projectRoot = "";
			targets = (
				CF9A73D82BFB0A8C0058045D /* Roam_MVP */,
			);
		};
/* End PBXProject section */

/* Begin PBXResourcesBuildPhase section */
		CF9A73D72BFB0A8C0058045D /* Resources */ = {
			isa = PBXResourcesBuildPhase;
			buildActionMask = 2147483647;
			files = (
				CF9A73E42BFB0A8D0058045D /* Preview Assets.xcassets in Resources */,
				CF9A73E12BFB0A8D0058045D /* Assets.xcassets in Resources */,
			);
			runOnlyForDeploymentPostprocessing = 0;
		};
/* End PBXResourcesBuildPhase section */

/* Begin PBXSourcesBuildPhase section */
		CF9A73D52BFB0A8C0058045D /* Sources */ = {
			isa = PBXSourcesBuildPhase;
			buildActionMask = 2147483647;
			files = (
				CF9A73FA2BFBA2D60058045D /* LocationCard.swift in Sources */,
				CF9A73DF2BFB0A8C0058045D /* ContentView.swift in Sources */,
				CF9A73F82BFB9CAC0058045D /* LocationsListView.swift in Sources */,
				CF9A73DD2BFB0A8C0058045D /* Roam_MVPApp.swift in Sources */,
				CF9A73ED2BFB18CC0058045D /* LocationDetailView.swift in Sources */,
				CF9A73F62BFB32100058045D /* LocationDetailModel.swift in Sources */,
				CF9A73F42BFB250D0058045D /* LocationDetailTabModel.swift in Sources */,
				CF9A73EF2BFB1DE50058045D /* MainDetails.swift in Sources */,
			);
			runOnlyForDeploymentPostprocessing = 0;
		};
/* End PBXSourcesBuildPhase section */

/* Begin XCBuildConfiguration section */
		CF9A73E52BFB0A8D0058045D /* Debug */ = {
			isa = XCBuildConfiguration;
			buildSettings = {
				ALWAYS_SEARCH_USER_PATHS = NO;
				ASSETCATALOG_COMPILER_GENERATE_SWIFT_ASSET_SYMBOL_EXTENSIONS = YES;
				CLANG_ANALYZER_NONNULL = YES;
				CLANG_ANALYZER_NUMBER_OBJECT_CONVERSION = YES_AGGRESSIVE;
				CLANG_CXX_LANGUAGE_STANDARD = "gnu++20";
				CLANG_ENABLE_MODULES = YES;
				CLANG_ENABLE_OBJC_ARC = YES;
				CLANG_ENABLE_OBJC_WEAK = YES;
				CLANG_WARN_BLOCK_CAPTURE_AUTORELEASING = YES;
				CLANG_WARN_BOOL_CONVERSION = YES;
				CLANG_WARN_COMMA = YES;
				CLANG_WARN_CONSTANT_CONVERSION = YES;
				CLANG_WARN_DEPRECATED_OBJC_IMPLEMENTATIONS = YES;
				CLANG_WARN_DIRECT_OBJC_ISA_USAGE = YES_ERROR;
				CLANG_WARN_DOCUMENTATION_COMMENTS = YES;
				CLANG_WARN_EMPTY_BODY = YES;
				CLANG_WARN_ENUM_CONVERSION = YES;
				CLANG_WARN_INFINITE_RECURSION = YES;
				CLANG_WARN_INT_CONVERSION = YES;
				CLANG_WARN_NON_LITERAL_NULL_CONVERSION = YES;
				CLANG_WARN_OBJC_IMPLICIT_RETAIN_SELF = YES;
				CLANG_WARN_OBJC_LITERAL_CONVERSION = YES;
				CLANG_WARN_OBJC_ROOT_CLASS = YES_ERROR;
				CLANG_WARN_QUOTED_INCLUDE_IN_FRAMEWORK_HEADER = YES;
				CLANG_WARN_RANGE_LOOP_ANALYSIS = YES;
				CLANG_WARN_STRICT_PROTOTYPES = YES;
				CLANG_WARN_SUSPICIOUS_MOVE = YES;
				CLANG_WARN_UNGUARDED_AVAILABILITY = YES_AGGRESSIVE;
				CLANG_WARN_UNREACHABLE_CODE = YES;
				CLANG_WARN__DUPLICATE_METHOD_MATCH = YES;
				COPY_PHASE_STRIP = NO;
				DEBUG_INFORMATION_FORMAT = dwarf;
				ENABLE_STRICT_OBJC_MSGSEND = YES;
				ENABLE_TESTABILITY = YES;
				ENABLE_USER_SCRIPT_SANDBOXING = YES;
				GCC_C_LANGUAGE_STANDARD = gnu17;
				GCC_DYNAMIC_NO_PIC = NO;
				GCC_NO_COMMON_BLOCKS = YES;
				GCC_OPTIMIZATION_LEVEL = 0;
				GCC_PREPROCESSOR_DEFINITIONS = (
					"DEBUG=1",
					"$(inherited)",
				);
				GCC_WARN_64_TO_32_BIT_CONVERSION = YES;
				GCC_WARN_ABOUT_RETURN_TYPE = YES_ERROR;
				GCC_WARN_UNDECLARED_SELECTOR = YES;
				GCC_WARN_UNINITIALIZED_AUTOS = YES_AGGRESSIVE;
				GCC_WARN_UNUSED_FUNCTION = YES;
				GCC_WARN_UNUSED_VARIABLE = YES;
				IPHONEOS_DEPLOYMENT_TARGET = 17.4;
				LOCALIZATION_PREFERS_STRING_CATALOGS = YES;
				MTL_ENABLE_DEBUG_INFO = INCLUDE_SOURCE;
				MTL_FAST_MATH = YES;
				ONLY_ACTIVE_ARCH = YES;
				SDKROOT = iphoneos;
				SWIFT_ACTIVE_COMPILATION_CONDITIONS = "DEBUG $(inherited)";
				SWIFT_OPTIMIZATION_LEVEL = "-Onone";
			};
			name = Debug;
		};
		CF9A73E62BFB0A8D0058045D /* Release */ = {
			isa = XCBuildConfiguration;
			buildSettings = {
				ALWAYS_SEARCH_USER_PATHS = NO;
				ASSETCATALOG_COMPILER_GENERATE_SWIFT_ASSET_SYMBOL_EXTENSIONS = YES;
				CLANG_ANALYZER_NONNULL = YES;
				CLANG_ANALYZER_NUMBER_OBJECT_CONVERSION = YES_AGGRESSIVE;
				CLANG_CXX_LANGUAGE_STANDARD = "gnu++20";
				CLANG_ENABLE_MODULES = YES;
				CLANG_ENABLE_OBJC_ARC = YES;
				CLANG_ENABLE_OBJC_WEAK = YES;
				CLANG_WARN_BLOCK_CAPTURE_AUTORELEASING = YES;
				CLANG_WARN_BOOL_CONVERSION = YES;
				CLANG_WARN_COMMA = YES;
				CLANG_WARN_CONSTANT_CONVERSION = YES;
				CLANG_WARN_DEPRECATED_OBJC_IMPLEMENTATIONS = YES;
				CLANG_WARN_DIRECT_OBJC_ISA_USAGE = YES_ERROR;
				CLANG_WARN_DOCUMENTATION_COMMENTS = YES;
				CLANG_WARN_EMPTY_BODY = YES;
				CLANG_WARN_ENUM_CONVERSION = YES;
				CLANG_WARN_INFINITE_RECURSION = YES;
				CLANG_WARN_INT_CONVERSION = YES;
				CLANG_WARN_NON_LITERAL_NULL_CONVERSION = YES;
				CLANG_WARN_OBJC_IMPLICIT_RETAIN_SELF = YES;
				CLANG_WARN_OBJC_LITERAL_CONVERSION = YES;
				CLANG_WARN_OBJC_ROOT_CLASS = YES_ERROR;
				CLANG_WARN_QUOTED_INCLUDE_IN_FRAMEWORK_HEADER = YES;
				CLANG_WARN_RANGE_LOOP_ANALYSIS = YES;
				CLANG_WARN_STRICT_PROTOTYPES = YES;
				CLANG_WARN_SUSPICIOUS_MOVE = YES;
				CLANG_WARN_UNGUARDED_AVAILABILITY = YES_AGGRESSIVE;
				CLANG_WARN_UNREACHABLE_CODE = YES;
				CLANG_WARN__DUPLICATE_METHOD_MATCH = YES;
				COPY_PHASE_STRIP = NO;
				DEBUG_INFORMATION_FORMAT = "dwarf-with-dsym";
				ENABLE_NS_ASSERTIONS = NO;
				ENABLE_STRICT_OBJC_MSGSEND = YES;
				ENABLE_USER_SCRIPT_SANDBOXING = YES;
				GCC_C_LANGUAGE_STANDARD = gnu17;
				GCC_NO_COMMON_BLOCKS = YES;
				GCC_WARN_64_TO_32_BIT_CONVERSION = YES;
				GCC_WARN_ABOUT_RETURN_TYPE = YES_ERROR;
				GCC_WARN_UNDECLARED_SELECTOR = YES;
				GCC_WARN_UNINITIALIZED_AUTOS = YES_AGGRESSIVE;
				GCC_WARN_UNUSED_FUNCTION = YES;
				GCC_WARN_UNUSED_VARIABLE = YES;
				IPHONEOS_DEPLOYMENT_TARGET = 17.4;
				LOCALIZATION_PREFERS_STRING_CATALOGS = YES;
				MTL_ENABLE_DEBUG_INFO = NO;
				MTL_FAST_MATH = YES;
				SDKROOT = iphoneos;
				SWIFT_COMPILATION_MODE = wholemodule;
				VALIDATE_PRODUCT = YES;
			};
			name = Release;
		};
		CF9A73E82BFB0A8D0058045D /* Debug */ = {
			isa = XCBuildConfiguration;
			buildSettings = {
				ASSETCATALOG_COMPILER_APPICON_NAME = AppIcon;
				ASSETCATALOG_COMPILER_GLOBAL_ACCENT_COLOR_NAME = AccentColor;
				CODE_SIGN_STYLE = Automatic;
				CURRENT_PROJECT_VERSION = 1;
				DEVELOPMENT_ASSET_PATHS = "\"Roam_MVP/Preview Content\"";
				DEVELOPMENT_TEAM = C4947P6ZAR;
				ENABLE_PREVIEWS = YES;
				GENERATE_INFOPLIST_FILE = YES;
				INFOPLIST_KEY_UIApplicationSceneManifest_Generation = YES;
				INFOPLIST_KEY_UIApplicationSupportsIndirectInputEvents = YES;
				INFOPLIST_KEY_UILaunchScreen_Generation = YES;
				INFOPLIST_KEY_UISupportedInterfaceOrientations_iPad = "UIInterfaceOrientationPortrait UIInterfaceOrientationPortraitUpsideDown UIInterfaceOrientationLandscapeLeft UIInterfaceOrientationLandscapeRight";
				INFOPLIST_KEY_UISupportedInterfaceOrientations_iPhone = "UIInterfaceOrientationPortrait UIInterfaceOrientationLandscapeLeft UIInterfaceOrientationLandscapeRight";
				LD_RUNPATH_SEARCH_PATHS = (
					"$(inherited)",
					"@executable_path/Frameworks",
				);
				MARKETING_VERSION = 1.0;
				PRODUCT_BUNDLE_IDENTIFIER = "com.example.Roam-MVP";
				PRODUCT_NAME = "$(TARGET_NAME)";
				SWIFT_EMIT_LOC_STRINGS = YES;
				SWIFT_VERSION = 5.0;
				TARGETED_DEVICE_FAMILY = "1,2";
			};
			name = Debug;
		};
		CF9A73E92BFB0A8D0058045D /* Release */ = {
			isa = XCBuildConfiguration;
			buildSettings = {
				ASSETCATALOG_COMPILER_APPICON_NAME = AppIcon;
				ASSETCATALOG_COMPILER_GLOBAL_ACCENT_COLOR_NAME = AccentColor;
				CODE_SIGN_STYLE = Automatic;
				CURRENT_PROJECT_VERSION = 1;
				DEVELOPMENT_ASSET_PATHS = "\"Roam_MVP/Preview Content\"";
				DEVELOPMENT_TEAM = C4947P6ZAR;
				ENABLE_PREVIEWS = YES;
				GENERATE_INFOPLIST_FILE = YES;
				INFOPLIST_KEY_UIApplicationSceneManifest_Generation = YES;
				INFOPLIST_KEY_UIApplicationSupportsIndirectInputEvents = YES;
				INFOPLIST_KEY_UILaunchScreen_Generation = YES;
				INFOPLIST_KEY_UISupportedInterfaceOrientations_iPad = "UIInterfaceOrientationPortrait UIInterfaceOrientationPortraitUpsideDown UIInterfaceOrientationLandscapeLeft UIInterfaceOrientationLandscapeRight";
				INFOPLIST_KEY_UISupportedInterfaceOrientations_iPhone = "UIInterfaceOrientationPortrait UIInterfaceOrientationLandscapeLeft UIInterfaceOrientationLandscapeRight";
				LD_RUNPATH_SEARCH_PATHS = (
					"$(inherited)",
					"@executable_path/Frameworks",
				);
				MARKETING_VERSION = 1.0;
				PRODUCT_BUNDLE_IDENTIFIER = "com.example.Roam-MVP";
				PRODUCT_NAME = "$(TARGET_NAME)";
				SWIFT_EMIT_LOC_STRINGS = YES;
				SWIFT_VERSION = 5.0;
				TARGETED_DEVICE_FAMILY = "1,2";
			};
			name = Release;
		};
/* End XCBuildConfiguration section */

/* Begin XCConfigurationList section */
		CF9A73D42BFB0A8C0058045D /* Build configuration list for PBXProject "Roam_MVP" */ = {
			isa = XCConfigurationList;
			buildConfigurations = (
				CF9A73E52BFB0A8D0058045D /* Debug */,
				CF9A73E62BFB0A8D0058045D /* Release */,
			);
			defaultConfigurationIsVisible = 0;
			defaultConfigurationName = Release;
		};
		CF9A73E72BFB0A8D0058045D /* Build configuration list for PBXNativeTarget "Roam_MVP" */ = {
			isa = XCConfigurationList;
			buildConfigurations = (
				CF9A73E82BFB0A8D0058045D /* Debug */,
				CF9A73E92BFB0A8D0058045D /* Release */,
			);
			defaultConfigurationIsVisible = 0;
			defaultConfigurationName = Release;
		};
/* End XCConfigurationList section */
	};
	rootObject = CF9A73D12BFB0A8C0058045D /* Project object */;
}
